// !$*UTF8*$!
{
	archiveVersion = 1;
	classes = {
	};
	objectVersion = 46;
	objects = {

/* Begin PBXBuildFile section */
		611A13671B0D297400A9A4B1 /* LevelBuilder.cpp in Sources */ = {isa = PBXBuildFile; fileRef = 611A13651B0D297400A9A4B1 /* LevelBuilder.cpp */; };
		611A13971B0D60B200A9A4B1 /* Avatar.cpp in Sources */ = {isa = PBXBuildFile; fileRef = 611A13951B0D60B200A9A4B1 /* Avatar.cpp */; };
		A90FEDCD1B0C0EE000CAB320 /* main.cpp in Sources */ = {isa = PBXBuildFile; fileRef = A90FEDCC1B0C0EE000CAB320 /* main.cpp */; };
		A90FEDDB1B0C0F5000CAB320 /* Application.cpp in Sources */ = {isa = PBXBuildFile; fileRef = A90FEDDA1B0C0F5000CAB320 /* Application.cpp */; };
		A90FEDDE1B0C385E00CAB320 /* Tile.cpp in Sources */ = {isa = PBXBuildFile; fileRef = A90FEDDC1B0C385E00CAB320 /* Tile.cpp */; };
		A90FEDE21B0C3E0100CAB320 /* Scene.cpp in Sources */ = {isa = PBXBuildFile; fileRef = A90FEDE01B0C3E0100CAB320 /* Scene.cpp */; };
/* End PBXBuildFile section */

/* Begin PBXCopyFilesBuildPhase section */
		A90FEDC71B0C0EE000CAB320 /* CopyFiles */ = {
			isa = PBXCopyFilesBuildPhase;
			buildActionMask = 2147483647;
			dstPath = /usr/share/man/man1/;
			dstSubfolderSpec = 0;
			files = (
			);
			runOnlyForDeploymentPostprocessing = 1;
		};
/* End PBXCopyFilesBuildPhase section */

/* Begin PBXFileReference section */
		611A13651B0D297400A9A4B1 /* LevelBuilder.cpp */ = {isa = PBXFileReference; fileEncoding = 4; lastKnownFileType = sourcecode.cpp.cpp; path = LevelBuilder.cpp; sourceTree = "<group>"; };
		611A13661B0D297400A9A4B1 /* LevelBuilder.h */ = {isa = PBXFileReference; fileEncoding = 4; lastKnownFileType = sourcecode.c.h; path = LevelBuilder.h; sourceTree = "<group>"; };
		611A13951B0D60B200A9A4B1 /* Avatar.cpp */ = {isa = PBXFileReference; fileEncoding = 4; lastKnownFileType = sourcecode.cpp.cpp; path = Avatar.cpp; sourceTree = "<group>"; };
		611A13961B0D60B200A9A4B1 /* Avatar.h */ = {isa = PBXFileReference; fileEncoding = 4; lastKnownFileType = sourcecode.c.h; path = Avatar.h; sourceTree = "<group>"; };
		A90FEDC91B0C0EE000CAB320 /* tiley */ = {isa = PBXFileReference; explicitFileType = "compiled.mach-o.executable"; includeInIndex = 0; path = tiley; sourceTree = BUILT_PRODUCTS_DIR; };
		A90FEDCC1B0C0EE000CAB320 /* main.cpp */ = {isa = PBXFileReference; lastKnownFileType = sourcecode.cpp.cpp; path = main.cpp; sourceTree = "<group>"; };
		A90FEDD91B0C0F5000CAB320 /* Application.h */ = {isa = PBXFileReference; fileEncoding = 4; lastKnownFileType = sourcecode.c.h; path = Application.h; sourceTree = "<group>"; };
		A90FEDDA1B0C0F5000CAB320 /* Application.cpp */ = {isa = PBXFileReference; fileEncoding = 4; lastKnownFileType = sourcecode.cpp.cpp; path = Application.cpp; sourceTree = "<group>"; };
		A90FEDDC1B0C385E00CAB320 /* Tile.cpp */ = {isa = PBXFileReference; fileEncoding = 4; lastKnownFileType = sourcecode.cpp.cpp; path = Tile.cpp; sourceTree = "<group>"; };
		A90FEDDD1B0C385E00CAB320 /* Tile.h */ = {isa = PBXFileReference; fileEncoding = 4; lastKnownFileType = sourcecode.c.h; path = Tile.h; sourceTree = "<group>"; };
		A90FEDDF1B0C3C0000CAB320 /* Vector2D.h */ = {isa = PBXFileReference; lastKnownFileType = sourcecode.c.h; path = Vector2D.h; sourceTree = "<group>"; };
		A90FEDE01B0C3E0100CAB320 /* Scene.cpp */ = {isa = PBXFileReference; fileEncoding = 4; lastKnownFileType = sourcecode.cpp.cpp; path = Scene.cpp; sourceTree = "<group>"; };
		A90FEDE11B0C3E0100CAB320 /* Scene.h */ = {isa = PBXFileReference; fileEncoding = 4; lastKnownFileType = sourcecode.c.h; path = Scene.h; sourceTree = "<group>"; };
/* End PBXFileReference section */

/* Begin PBXFrameworksBuildPhase section */
		A90FEDC61B0C0EE000CAB320 /* Frameworks */ = {
			isa = PBXFrameworksBuildPhase;
			buildActionMask = 2147483647;
			files = (
			);
			runOnlyForDeploymentPostprocessing = 0;
		};
/* End PBXFrameworksBuildPhase section */

/* Begin PBXGroup section */
		A90FEDC01B0C0EE000CAB320 = {
			isa = PBXGroup;
			children = (
				A90FEDCB1B0C0EE000CAB320 /* tiley */,
				A90FEDCA1B0C0EE000CAB320 /* Products */,
			);
			sourceTree = "<group>";
		};
		A90FEDCA1B0C0EE000CAB320 /* Products */ = {
			isa = PBXGroup;
			children = (
				A90FEDC91B0C0EE000CAB320 /* tiley */,
			);
			name = Products;
			sourceTree = "<group>";
		};
		A90FEDCB1B0C0EE000CAB320 /* tiley */ = {
			isa = PBXGroup;
			children = (
				A90FEDCC1B0C0EE000CAB320 /* main.cpp */,
				A90FEDD91B0C0F5000CAB320 /* Application.h */,
				A90FEDDA1B0C0F5000CAB320 /* Application.cpp */,
				611A13661B0D297400A9A4B1 /* LevelBuilder.h */,
				611A13651B0D297400A9A4B1 /* LevelBuilder.cpp */,
				A90FEDE11B0C3E0100CAB320 /* Scene.h */,
				A90FEDE01B0C3E0100CAB320 /* Scene.cpp */,
				A90FEDDD1B0C385E00CAB320 /* Tile.h */,
				A90FEDDC1B0C385E00CAB320 /* Tile.cpp */,
				611A13961B0D60B200A9A4B1 /* Avatar.h */,
				611A13951B0D60B200A9A4B1 /* Avatar.cpp */,
				A90FEDDF1B0C3C0000CAB320 /* Vector2D.h */,
			);
			path = tiley;
			sourceTree = "<group>";
		};
/* End PBXGroup section */

/* Begin PBXNativeTarget section */
		A90FEDC81B0C0EE000CAB320 /* tiley */ = {
			isa = PBXNativeTarget;
			buildConfigurationList = A90FEDD01B0C0EE000CAB320 /* Build configuration list for PBXNativeTarget "tiley" */;
			buildPhases = (
				A90FEDC51B0C0EE000CAB320 /* Sources */,
				A90FEDC61B0C0EE000CAB320 /* Frameworks */,
				A90FEDC71B0C0EE000CAB320 /* CopyFiles */,
			);
			buildRules = (
			);
			dependencies = (
			);
			name = tiley;
			productName = tiley;
			productReference = A90FEDC91B0C0EE000CAB320 /* tiley */;
			productType = "com.apple.product-type.tool";
		};
/* End PBXNativeTarget section */

/* Begin PBXProject section */
		A90FEDC11B0C0EE000CAB320 /* Project object */ = {
			isa = PBXProject;
			attributes = {
				LastUpgradeCheck = 0630;
				ORGANIZATIONNAME = "Alejandro Isaza";
				TargetAttributes = {
					A90FEDC81B0C0EE000CAB320 = {
						CreatedOnToolsVersion = 6.3.1;
					};
				};
			};
			buildConfigurationList = A90FEDC41B0C0EE000CAB320 /* Build configuration list for PBXProject "tiley" */;
			compatibilityVersion = "Xcode 3.2";
			developmentRegion = English;
			hasScannedForEncodings = 0;
			knownRegions = (
				en,
			);
			mainGroup = A90FEDC01B0C0EE000CAB320;
			productRefGroup = A90FEDCA1B0C0EE000CAB320 /* Products */;
			projectDirPath = "";
			projectRoot = "";
			targets = (
				A90FEDC81B0C0EE000CAB320 /* tiley */,
			);
		};
/* End PBXProject section */

/* Begin PBXSourcesBuildPhase section */
		A90FEDC51B0C0EE000CAB320 /* Sources */ = {
			isa = PBXSourcesBuildPhase;
			buildActionMask = 2147483647;
			files = (
				A90FEDE21B0C3E0100CAB320 /* Scene.cpp in Sources */,
				A90FEDDE1B0C385E00CAB320 /* Tile.cpp in Sources */,
				A90FEDDB1B0C0F5000CAB320 /* Application.cpp in Sources */,
				A90FEDCD1B0C0EE000CAB320 /* main.cpp in Sources */,
				611A13971B0D60B200A9A4B1 /* Avatar.cpp in Sources */,
				611A13671B0D297400A9A4B1 /* LevelBuilder.cpp in Sources */,
			);
			runOnlyForDeploymentPostprocessing = 0;
		};
/* End PBXSourcesBuildPhase section */

/* Begin XCBuildConfiguration section */
		A90FEDCE1B0C0EE000CAB320 /* Debug */ = {
			isa = XCBuildConfiguration;
			buildSettings = {
				ALWAYS_SEARCH_USER_PATHS = NO;
				CLANG_CXX_LANGUAGE_STANDARD = "gnu++14";
				CLANG_CXX_LIBRARY = "libc++";
				CLANG_ENABLE_MODULES = YES;
				CLANG_ENABLE_OBJC_ARC = YES;
				CLANG_WARN_BOOL_CONVERSION = YES;
				CLANG_WARN_CONSTANT_CONVERSION = YES;
				CLANG_WARN_DIRECT_OBJC_ISA_USAGE = YES_ERROR;
				CLANG_WARN_EMPTY_BODY = YES;
				CLANG_WARN_ENUM_CONVERSION = YES;
				CLANG_WARN_INT_CONVERSION = YES;
				CLANG_WARN_OBJC_ROOT_CLASS = YES_ERROR;
				CLANG_WARN_UNREACHABLE_CODE = YES;
				CLANG_WARN__DUPLICATE_METHOD_MATCH = YES;
				COPY_PHASE_STRIP = NO;
				DEBUG_INFORMATION_FORMAT = dwarf;
				ENABLE_STRICT_OBJC_MSGSEND = YES;
				GCC_C_LANGUAGE_STANDARD = gnu99;
				GCC_DYNAMIC_NO_PIC = NO;
				GCC_NO_COMMON_BLOCKS = YES;
				GCC_OPTIMIZATION_LEVEL = 0;
				GCC_PREPROCESSOR_DEFINITIONS = (
					"DEBUG=1",
					"$(inherited)",
				);
				GCC_SYMBOLS_PRIVATE_EXTERN = NO;
				GCC_WARN_64_TO_32_BIT_CONVERSION = YES;
				GCC_WARN_ABOUT_RETURN_TYPE = YES_ERROR;
				GCC_WARN_UNDECLARED_SELECTOR = YES;
				GCC_WARN_UNINITIALIZED_AUTOS = YES_AGGRESSIVE;
				GCC_WARN_UNUSED_FUNCTION = YES;
				GCC_WARN_UNUSED_VARIABLE = YES;
				HEADER_SEARCH_PATHS = (
					"$(inherited)",
					/usr/local/include,
				);
				LIBRARY_SEARCH_PATHS = /usr/local/lib;
				MACOSX_DEPLOYMENT_TARGET = 10.10;
				MTL_ENABLE_DEBUG_INFO = YES;
				ONLY_ACTIVE_ARCH = YES;
				SDKROOT = macosx;
			};
			name = Debug;
		};
		A90FEDCF1B0C0EE000CAB320 /* Release */ = {
			isa = XCBuildConfiguration;
			buildSettings = {
				ALWAYS_SEARCH_USER_PATHS = NO;
				CLANG_CXX_LANGUAGE_STANDARD = "gnu++14";
				CLANG_CXX_LIBRARY = "libc++";
				CLANG_ENABLE_MODULES = YES;
				CLANG_ENABLE_OBJC_ARC = YES;
				CLANG_WARN_BOOL_CONVERSION = YES;
				CLANG_WARN_CONSTANT_CONVERSION = YES;
				CLANG_WARN_DIRECT_OBJC_ISA_USAGE = YES_ERROR;
				CLANG_WARN_EMPTY_BODY = YES;
				CLANG_WARN_ENUM_CONVERSION = YES;
				CLANG_WARN_INT_CONVERSION = YES;
				CLANG_WARN_OBJC_ROOT_CLASS = YES_ERROR;
				CLANG_WARN_UNREACHABLE_CODE = YES;
				CLANG_WARN__DUPLICATE_METHOD_MATCH = YES;
				COPY_PHASE_STRIP = NO;
				DEBUG_INFORMATION_FORMAT = "dwarf-with-dsym";
				ENABLE_NS_ASSERTIONS = NO;
				ENABLE_STRICT_OBJC_MSGSEND = YES;
				GCC_C_LANGUAGE_STANDARD = gnu99;
				GCC_NO_COMMON_BLOCKS = YES;
				GCC_WARN_64_TO_32_BIT_CONVERSION = YES;
				GCC_WARN_ABOUT_RETURN_TYPE = YES_ERROR;
				GCC_WARN_UNDECLARED_SELECTOR = YES;
				GCC_WARN_UNINITIALIZED_AUTOS = YES_AGGRESSIVE;
				GCC_WARN_UNUSED_FUNCTION = YES;
				GCC_WARN_UNUSED_VARIABLE = YES;
				HEADER_SEARCH_PATHS = (
					"$(inherited)",
					/usr/local/include,
				);
				LIBRARY_SEARCH_PATHS = /usr/local/lib;
				MACOSX_DEPLOYMENT_TARGET = 10.10;
				MTL_ENABLE_DEBUG_INFO = NO;
				SDKROOT = macosx;
			};
			name = Release;
		};
		A90FEDD11B0C0EE000CAB320 /* Debug */ = {
			isa = XCBuildConfiguration;
			buildSettings = {
				LIBRARY_SEARCH_PATHS = "$(inherited)";
				OTHER_LDFLAGS = (
					"-lsfml-graphics",
					"-lsfml-system",
					"-lsfml-window",
				);
				PRODUCT_NAME = "$(TARGET_NAME)";
			};
			name = Debug;
		};
		A90FEDD21B0C0EE000CAB320 /* Release */ = {
			isa = XCBuildConfiguration;
			buildSettings = {
				LIBRARY_SEARCH_PATHS = "$(inherited)";
				OTHER_LDFLAGS = (
					"-lsfml-graphics",
					"-lsfml-system",
					"-lsfml-window",
				);
				PRODUCT_NAME = "$(TARGET_NAME)";
			};
			name = Release;
		};
/* End XCBuildConfiguration section */

/* Begin XCConfigurationList section */
		A90FEDC41B0C0EE000CAB320 /* Build configuration list for PBXProject "tiley" */ = {
			isa = XCConfigurationList;
			buildConfigurations = (
				A90FEDCE1B0C0EE000CAB320 /* Debug */,
				A90FEDCF1B0C0EE000CAB320 /* Release */,
			);
			defaultConfigurationIsVisible = 0;
			defaultConfigurationName = Release;
		};
		A90FEDD01B0C0EE000CAB320 /* Build configuration list for PBXNativeTarget "tiley" */ = {
			isa = XCConfigurationList;
			buildConfigurations = (
				A90FEDD11B0C0EE000CAB320 /* Debug */,
				A90FEDD21B0C0EE000CAB320 /* Release */,
			);
			defaultConfigurationIsVisible = 0;
			defaultConfigurationName = Release;
		};
/* End XCConfigurationList section */
	};
	rootObject = A90FEDC11B0C0EE000CAB320 /* Project object */;
}
